// !$*UTF8*$!
{
	archiveVersion = 1;
	classes = {
	};
	objectVersion = 56;
	objects = {

/* Begin PBXBuildFile section */
		AB102C3E2915820000A25E89 /* TVMazeApp.swift in Sources */ = {isa = PBXBuildFile; fileRef = AB102C3D2915820000A25E89 /* TVMazeApp.swift */; };
		AB102C422915820100A25E89 /* Assets.xcassets in Resources */ = {isa = PBXBuildFile; fileRef = AB102C412915820100A25E89 /* Assets.xcassets */; };
		AB102C452915820100A25E89 /* Preview Assets.xcassets in Resources */ = {isa = PBXBuildFile; fileRef = AB102C442915820100A25E89 /* Preview Assets.xcassets */; };
		AB102C592915820100A25E89 /* TVMazeUITests.swift in Sources */ = {isa = PBXBuildFile; fileRef = AB102C582915820100A25E89 /* TVMazeUITests.swift */; };
		AB102C69291584D300A25E89 /* Show.swift in Sources */ = {isa = PBXBuildFile; fileRef = AB102C68291584D300A25E89 /* Show.swift */; };
		AB102C6B291585BD00A25E89 /* ShowImage.swift in Sources */ = {isa = PBXBuildFile; fileRef = AB102C6A291585BD00A25E89 /* ShowImage.swift */; };
		AB102C6E291585FB00A25E89 /* API.swift in Sources */ = {isa = PBXBuildFile; fileRef = AB102C6D291585FB00A25E89 /* API.swift */; };
		AB102C71291588A400A25E89 /* APITests.swift in Sources */ = {isa = PBXBuildFile; fileRef = AB102C70291588A400A25E89 /* APITests.swift */; };
		AB102C75291589BA00A25E89 /* ShowListView.swift in Sources */ = {isa = PBXBuildFile; fileRef = AB102C74291589BA00A25E89 /* ShowListView.swift */; };
		AB102C77291589CF00A25E89 /* ShowListViewModel.swift in Sources */ = {isa = PBXBuildFile; fileRef = AB102C76291589CF00A25E89 /* ShowListViewModel.swift */; };
		AB102C7929158B8500A25E89 /* ShowRow.swift in Sources */ = {isa = PBXBuildFile; fileRef = AB102C7829158B8500A25E89 /* ShowRow.swift */; };
/* End PBXBuildFile section */

/* Begin PBXContainerItemProxy section */
		AB102C4B2915820100A25E89 /* PBXContainerItemProxy */ = {
			isa = PBXContainerItemProxy;
			containerPortal = AB102C322915820000A25E89 /* Project object */;
			proxyType = 1;
			remoteGlobalIDString = AB102C392915820000A25E89;
			remoteInfo = TVMaze;
		};
		AB102C552915820100A25E89 /* PBXContainerItemProxy */ = {
			isa = PBXContainerItemProxy;
			containerPortal = AB102C322915820000A25E89 /* Project object */;
			proxyType = 1;
			remoteGlobalIDString = AB102C392915820000A25E89;
			remoteInfo = TVMaze;
		};
/* End PBXContainerItemProxy section */

/* Begin PBXFileReference section */
		AB102C3A2915820000A25E89 /* TVMaze.app */ = {isa = PBXFileReference; explicitFileType = wrapper.application; includeInIndex = 0; path = TVMaze.app; sourceTree = BUILT_PRODUCTS_DIR; };
		AB102C3D2915820000A25E89 /* TVMazeApp.swift */ = {isa = PBXFileReference; lastKnownFileType = sourcecode.swift; path = TVMazeApp.swift; sourceTree = "<group>"; };
		AB102C412915820100A25E89 /* Assets.xcassets */ = {isa = PBXFileReference; lastKnownFileType = folder.assetcatalog; path = Assets.xcassets; sourceTree = "<group>"; };
		AB102C442915820100A25E89 /* Preview Assets.xcassets */ = {isa = PBXFileReference; lastKnownFileType = folder.assetcatalog; path = "Preview Assets.xcassets"; sourceTree = "<group>"; };
		AB102C4A2915820100A25E89 /* TVMazeTests.xctest */ = {isa = PBXFileReference; explicitFileType = wrapper.cfbundle; includeInIndex = 0; path = TVMazeTests.xctest; sourceTree = BUILT_PRODUCTS_DIR; };
		AB102C542915820100A25E89 /* TVMazeUITests.xctest */ = {isa = PBXFileReference; explicitFileType = wrapper.cfbundle; includeInIndex = 0; path = TVMazeUITests.xctest; sourceTree = BUILT_PRODUCTS_DIR; };
		AB102C582915820100A25E89 /* TVMazeUITests.swift */ = {isa = PBXFileReference; lastKnownFileType = sourcecode.swift; path = TVMazeUITests.swift; sourceTree = "<group>"; };
		AB102C68291584D300A25E89 /* Show.swift */ = {isa = PBXFileReference; lastKnownFileType = sourcecode.swift; path = Show.swift; sourceTree = "<group>"; };
		AB102C6A291585BD00A25E89 /* ShowImage.swift */ = {isa = PBXFileReference; lastKnownFileType = sourcecode.swift; path = ShowImage.swift; sourceTree = "<group>"; };
		AB102C6D291585FB00A25E89 /* API.swift */ = {isa = PBXFileReference; lastKnownFileType = sourcecode.swift; path = API.swift; sourceTree = "<group>"; };
		AB102C70291588A400A25E89 /* APITests.swift */ = {isa = PBXFileReference; lastKnownFileType = sourcecode.swift; path = APITests.swift; sourceTree = "<group>"; };
		AB102C74291589BA00A25E89 /* ShowListView.swift */ = {isa = PBXFileReference; lastKnownFileType = sourcecode.swift; path = ShowListView.swift; sourceTree = "<group>"; };
		AB102C76291589CF00A25E89 /* ShowListViewModel.swift */ = {isa = PBXFileReference; lastKnownFileType = sourcecode.swift; path = ShowListViewModel.swift; sourceTree = "<group>"; };
		AB102C7829158B8500A25E89 /* ShowRow.swift */ = {isa = PBXFileReference; lastKnownFileType = sourcecode.swift; path = ShowRow.swift; sourceTree = "<group>"; };
/* End PBXFileReference section */

/* Begin PBXFrameworksBuildPhase section */
		AB102C372915820000A25E89 /* Frameworks */ = {
			isa = PBXFrameworksBuildPhase;
			buildActionMask = 2147483647;
			files = (
			);
			runOnlyForDeploymentPostprocessing = 0;
		};
		AB102C472915820100A25E89 /* Frameworks */ = {
			isa = PBXFrameworksBuildPhase;
			buildActionMask = 2147483647;
			files = (
			);
			runOnlyForDeploymentPostprocessing = 0;
		};
		AB102C512915820100A25E89 /* Frameworks */ = {
			isa = PBXFrameworksBuildPhase;
			buildActionMask = 2147483647;
			files = (
			);
			runOnlyForDeploymentPostprocessing = 0;
		};
/* End PBXFrameworksBuildPhase section */

/* Begin PBXGroup section */
		AB102C312915820000A25E89 = {
			isa = PBXGroup;
			children = (
				AB102C3C2915820000A25E89 /* TVMaze */,
				AB102C4D2915820100A25E89 /* TVMazeTests */,
				AB102C572915820100A25E89 /* TVMazeUITests */,
				AB102C3B2915820000A25E89 /* Products */,
			);
			sourceTree = "<group>";
		};
		AB102C3B2915820000A25E89 /* Products */ = {
			isa = PBXGroup;
			children = (
				AB102C3A2915820000A25E89 /* TVMaze.app */,
				AB102C4A2915820100A25E89 /* TVMazeTests.xctest */,
				AB102C542915820100A25E89 /* TVMazeUITests.xctest */,
			);
			name = Products;
			sourceTree = "<group>";
		};
		AB102C3C2915820000A25E89 /* TVMaze */ = {
			isa = PBXGroup;
			children = (
				AB102C3D2915820000A25E89 /* TVMazeApp.swift */,
				AB102C412915820100A25E89 /* Assets.xcassets */,
				AB102C6C291585EE00A25E89 /* API */,
				AB102C72291589A600A25E89 /* Features */,
				AB102C67291584CA00A25E89 /* Model */,
				AB102C432915820100A25E89 /* Preview Content */,
			);
			path = TVMaze;
			sourceTree = "<group>";
		};
		AB102C432915820100A25E89 /* Preview Content */ = {
			isa = PBXGroup;
			children = (
				AB102C442915820100A25E89 /* Preview Assets.xcassets */,
			);
			path = "Preview Content";
			sourceTree = "<group>";
		};
		AB102C4D2915820100A25E89 /* TVMazeTests */ = {
			isa = PBXGroup;
			children = (
				AB102C6F2915889B00A25E89 /* API */,
			);
			path = TVMazeTests;
			sourceTree = "<group>";
		};
		AB102C572915820100A25E89 /* TVMazeUITests */ = {
			isa = PBXGroup;
			children = (
				AB102C582915820100A25E89 /* TVMazeUITests.swift */,
			);
			path = TVMazeUITests;
			sourceTree = "<group>";
		};
		AB102C67291584CA00A25E89 /* Model */ = {
			isa = PBXGroup;
			children = (
				AB102C68291584D300A25E89 /* Show.swift */,
				AB102C6A291585BD00A25E89 /* ShowImage.swift */,
			);
			path = Model;
			sourceTree = "<group>";
		};
		AB102C6C291585EE00A25E89 /* API */ = {
			isa = PBXGroup;
			children = (
				AB102C6D291585FB00A25E89 /* API.swift */,
			);
			path = API;
			sourceTree = "<group>";
		};
		AB102C6F2915889B00A25E89 /* API */ = {
			isa = PBXGroup;
			children = (
				AB102C70291588A400A25E89 /* APITests.swift */,
			);
			path = API;
			sourceTree = "<group>";
		};
		AB102C72291589A600A25E89 /* Features */ = {
			isa = PBXGroup;
			children = (
				AB102C73291589AD00A25E89 /* Show list */,
			);
			path = Features;
			sourceTree = "<group>";
		};
		AB102C73291589AD00A25E89 /* Show list */ = {
			isa = PBXGroup;
			children = (
				AB102C74291589BA00A25E89 /* ShowListView.swift */,
				AB102C76291589CF00A25E89 /* ShowListViewModel.swift */,
				AB102C7829158B8500A25E89 /* ShowRow.swift */,
			);
			path = "Show list";
			sourceTree = "<group>";
		};
/* End PBXGroup section */

/* Begin PBXNativeTarget section */
		AB102C392915820000A25E89 /* TVMaze */ = {
			isa = PBXNativeTarget;
			buildConfigurationList = AB102C5E2915820100A25E89 /* Build configuration list for PBXNativeTarget "TVMaze" */;
			buildPhases = (
				AB102C362915820000A25E89 /* Sources */,
				AB102C372915820000A25E89 /* Frameworks */,
				AB102C382915820000A25E89 /* Resources */,
			);
			buildRules = (
			);
			dependencies = (
			);
			name = TVMaze;
			productName = TVMaze;
			productReference = AB102C3A2915820000A25E89 /* TVMaze.app */;
			productType = "com.apple.product-type.application";
		};
		AB102C492915820100A25E89 /* TVMazeTests */ = {
			isa = PBXNativeTarget;
			buildConfigurationList = AB102C612915820100A25E89 /* Build configuration list for PBXNativeTarget "TVMazeTests" */;
			buildPhases = (
				AB102C462915820100A25E89 /* Sources */,
				AB102C472915820100A25E89 /* Frameworks */,
				AB102C482915820100A25E89 /* Resources */,
			);
			buildRules = (
			);
			dependencies = (
				AB102C4C2915820100A25E89 /* PBXTargetDependency */,
			);
			name = TVMazeTests;
			productName = TVMazeTests;
			productReference = AB102C4A2915820100A25E89 /* TVMazeTests.xctest */;
			productType = "com.apple.product-type.bundle.unit-test";
		};
		AB102C532915820100A25E89 /* TVMazeUITests */ = {
			isa = PBXNativeTarget;
			buildConfigurationList = AB102C642915820100A25E89 /* Build configuration list for PBXNativeTarget "TVMazeUITests" */;
			buildPhases = (
				AB102C502915820100A25E89 /* Sources */,
				AB102C512915820100A25E89 /* Frameworks */,
				AB102C522915820100A25E89 /* Resources */,
			);
			buildRules = (
			);
			dependencies = (
				AB102C562915820100A25E89 /* PBXTargetDependency */,
			);
			name = TVMazeUITests;
			productName = TVMazeUITests;
			productReference = AB102C542915820100A25E89 /* TVMazeUITests.xctest */;
			productType = "com.apple.product-type.bundle.ui-testing";
		};
/* End PBXNativeTarget section */

/* Begin PBXProject section */
		AB102C322915820000A25E89 /* Project object */ = {
			isa = PBXProject;
			attributes = {
				BuildIndependentTargetsInParallel = 1;
				LastSwiftUpdateCheck = 1410;
				LastUpgradeCheck = 1410;
				TargetAttributes = {
					AB102C392915820000A25E89 = {
						CreatedOnToolsVersion = 14.1;
					};
					AB102C492915820100A25E89 = {
						CreatedOnToolsVersion = 14.1;
						TestTargetID = AB102C392915820000A25E89;
					};
					AB102C532915820100A25E89 = {
						CreatedOnToolsVersion = 14.1;
						TestTargetID = AB102C392915820000A25E89;
					};
				};
			};
			buildConfigurationList = AB102C352915820000A25E89 /* Build configuration list for PBXProject "TVMaze" */;
			compatibilityVersion = "Xcode 14.0";
			developmentRegion = en;
			hasScannedForEncodings = 0;
			knownRegions = (
				en,
				Base,
			);
			mainGroup = AB102C312915820000A25E89;
			productRefGroup = AB102C3B2915820000A25E89 /* Products */;
			projectDirPath = "";
			projectRoot = "";
			targets = (
				AB102C392915820000A25E89 /* TVMaze */,
				AB102C492915820100A25E89 /* TVMazeTests */,
				AB102C532915820100A25E89 /* TVMazeUITests */,
			);
		};
/* End PBXProject section */

/* Begin PBXResourcesBuildPhase section */
		AB102C382915820000A25E89 /* Resources */ = {
			isa = PBXResourcesBuildPhase;
			buildActionMask = 2147483647;
			files = (
				AB102C452915820100A25E89 /* Preview Assets.xcassets in Resources */,
				AB102C422915820100A25E89 /* Assets.xcassets in Resources */,
			);
			runOnlyForDeploymentPostprocessing = 0;
		};
		AB102C482915820100A25E89 /* Resources */ = {
			isa = PBXResourcesBuildPhase;
			buildActionMask = 2147483647;
			files = (
			);
			runOnlyForDeploymentPostprocessing = 0;
		};
		AB102C522915820100A25E89 /* Resources */ = {
			isa = PBXResourcesBuildPhase;
			buildActionMask = 2147483647;
			files = (
			);
			runOnlyForDeploymentPostprocessing = 0;
		};
/* End PBXResourcesBuildPhase section */

/* Begin PBXSourcesBuildPhase section */
		AB102C362915820000A25E89 /* Sources */ = {
			isa = PBXSourcesBuildPhase;
			buildActionMask = 2147483647;
			files = (
				AB102C69291584D300A25E89 /* Show.swift in Sources */,
				AB102C77291589CF00A25E89 /* ShowListViewModel.swift in Sources */,
				AB102C6B291585BD00A25E89 /* ShowImage.swift in Sources */,
				AB102C7929158B8500A25E89 /* ShowRow.swift in Sources */,
				AB102C75291589BA00A25E89 /* ShowListView.swift in Sources */,
				AB102C3E2915820000A25E89 /* TVMazeApp.swift in Sources */,
				AB102C6E291585FB00A25E89 /* API.swift in Sources */,
			);
			runOnlyForDeploymentPostprocessing = 0;
		};
		AB102C462915820100A25E89 /* Sources */ = {
			isa = PBXSourcesBuildPhase;
			buildActionMask = 2147483647;
			files = (
				AB102C71291588A400A25E89 /* APITests.swift in Sources */,
			);
			runOnlyForDeploymentPostprocessing = 0;
		};
		AB102C502915820100A25E89 /* Sources */ = {
			isa = PBXSourcesBuildPhase;
			buildActionMask = 2147483647;
			files = (
				AB102C592915820100A25E89 /* TVMazeUITests.swift in Sources */,
			);
			runOnlyForDeploymentPostprocessing = 0;
		};
/* End PBXSourcesBuildPhase section */

/* Begin PBXTargetDependency section */
		AB102C4C2915820100A25E89 /* PBXTargetDependency */ = {
			isa = PBXTargetDependency;
			target = AB102C392915820000A25E89 /* TVMaze */;
			targetProxy = AB102C4B2915820100A25E89 /* PBXContainerItemProxy */;
		};
		AB102C562915820100A25E89 /* PBXTargetDependency */ = {
			isa = PBXTargetDependency;
			target = AB102C392915820000A25E89 /* TVMaze */;
			targetProxy = AB102C552915820100A25E89 /* PBXContainerItemProxy */;
		};
/* End PBXTargetDependency section */

/* Begin XCBuildConfiguration section */
		AB102C5C2915820100A25E89 /* Debug */ = {
			isa = XCBuildConfiguration;
			buildSettings = {
				ALWAYS_SEARCH_USER_PATHS = NO;
				CLANG_ANALYZER_NONNULL = YES;
				CLANG_ANALYZER_NUMBER_OBJECT_CONVERSION = YES_AGGRESSIVE;
				CLANG_CXX_LANGUAGE_STANDARD = "gnu++20";
				CLANG_ENABLE_MODULES = YES;
				CLANG_ENABLE_OBJC_ARC = YES;
				CLANG_ENABLE_OBJC_WEAK = YES;
				CLANG_WARN_BLOCK_CAPTURE_AUTORELEASING = YES;
				CLANG_WARN_BOOL_CONVERSION = YES;
				CLANG_WARN_COMMA = YES;
				CLANG_WARN_CONSTANT_CONVERSION = YES;
				CLANG_WARN_DEPRECATED_OBJC_IMPLEMENTATIONS = YES;
				CLANG_WARN_DIRECT_OBJC_ISA_USAGE = YES_ERROR;
				CLANG_WARN_DOCUMENTATION_COMMENTS = YES;
				CLANG_WARN_EMPTY_BODY = YES;
				CLANG_WARN_ENUM_CONVERSION = YES;
				CLANG_WARN_INFINITE_RECURSION = YES;
				CLANG_WARN_INT_CONVERSION = YES;
				CLANG_WARN_NON_LITERAL_NULL_CONVERSION = YES;
				CLANG_WARN_OBJC_IMPLICIT_RETAIN_SELF = YES;
				CLANG_WARN_OBJC_LITERAL_CONVERSION = YES;
				CLANG_WARN_OBJC_ROOT_CLASS = YES_ERROR;
				CLANG_WARN_QUOTED_INCLUDE_IN_FRAMEWORK_HEADER = YES;
				CLANG_WARN_RANGE_LOOP_ANALYSIS = YES;
				CLANG_WARN_STRICT_PROTOTYPES = YES;
				CLANG_WARN_SUSPICIOUS_MOVE = YES;
				CLANG_WARN_UNGUARDED_AVAILABILITY = YES_AGGRESSIVE;
				CLANG_WARN_UNREACHABLE_CODE = YES;
				CLANG_WARN__DUPLICATE_METHOD_MATCH = YES;
				COPY_PHASE_STRIP = NO;
				DEBUG_INFORMATION_FORMAT = dwarf;
				ENABLE_STRICT_OBJC_MSGSEND = YES;
				ENABLE_TESTABILITY = YES;
				GCC_C_LANGUAGE_STANDARD = gnu11;
				GCC_DYNAMIC_NO_PIC = NO;
				GCC_NO_COMMON_BLOCKS = YES;
				GCC_OPTIMIZATION_LEVEL = 0;
				GCC_PREPROCESSOR_DEFINITIONS = (
					"DEBUG=1",
					"$(inherited)",
				);
				GCC_WARN_64_TO_32_BIT_CONVERSION = YES;
				GCC_WARN_ABOUT_RETURN_TYPE = YES_ERROR;
				GCC_WARN_UNDECLARED_SELECTOR = YES;
				GCC_WARN_UNINITIALIZED_AUTOS = YES_AGGRESSIVE;
				GCC_WARN_UNUSED_FUNCTION = YES;
				GCC_WARN_UNUSED_VARIABLE = YES;
				IPHONEOS_DEPLOYMENT_TARGET = 16.1;
				MTL_ENABLE_DEBUG_INFO = INCLUDE_SOURCE;
				MTL_FAST_MATH = YES;
				ONLY_ACTIVE_ARCH = YES;
				SDKROOT = iphoneos;
				SWIFT_ACTIVE_COMPILATION_CONDITIONS = DEBUG;
				SWIFT_OPTIMIZATION_LEVEL = "-Onone";
			};
			name = Debug;
		};
		AB102C5D2915820100A25E89 /* Release */ = {
			isa = XCBuildConfiguration;
			buildSettings = {
				ALWAYS_SEARCH_USER_PATHS = NO;
				CLANG_ANALYZER_NONNULL = YES;
				CLANG_ANALYZER_NUMBER_OBJECT_CONVERSION = YES_AGGRESSIVE;
				CLANG_CXX_LANGUAGE_STANDARD = "gnu++20";
				CLANG_ENABLE_MODULES = YES;
				CLANG_ENABLE_OBJC_ARC = YES;
				CLANG_ENABLE_OBJC_WEAK = YES;
				CLANG_WARN_BLOCK_CAPTURE_AUTORELEASING = YES;
				CLANG_WARN_BOOL_CONVERSION = YES;
				CLANG_WARN_COMMA = YES;
				CLANG_WARN_CONSTANT_CONVERSION = YES;
				CLANG_WARN_DEPRECATED_OBJC_IMPLEMENTATIONS = YES;
				CLANG_WARN_DIRECT_OBJC_ISA_USAGE = YES_ERROR;
				CLANG_WARN_DOCUMENTATION_COMMENTS = YES;
				CLANG_WARN_EMPTY_BODY = YES;
				CLANG_WARN_ENUM_CONVERSION = YES;
				CLANG_WARN_INFINITE_RECURSION = YES;
				CLANG_WARN_INT_CONVERSION = YES;
				CLANG_WARN_NON_LITERAL_NULL_CONVERSION = YES;
				CLANG_WARN_OBJC_IMPLICIT_RETAIN_SELF = YES;
				CLANG_WARN_OBJC_LITERAL_CONVERSION = YES;
				CLANG_WARN_OBJC_ROOT_CLASS = YES_ERROR;
				CLANG_WARN_QUOTED_INCLUDE_IN_FRAMEWORK_HEADER = YES;
				CLANG_WARN_RANGE_LOOP_ANALYSIS = YES;
				CLANG_WARN_STRICT_PROTOTYPES = YES;
				CLANG_WARN_SUSPICIOUS_MOVE = YES;
				CLANG_WARN_UNGUARDED_AVAILABILITY = YES_AGGRESSIVE;
				CLANG_WARN_UNREACHABLE_CODE = YES;
				CLANG_WARN__DUPLICATE_METHOD_MATCH = YES;
				COPY_PHASE_STRIP = NO;
				DEBUG_INFORMATION_FORMAT = "dwarf-with-dsym";
				ENABLE_NS_ASSERTIONS = NO;
				ENABLE_STRICT_OBJC_MSGSEND = YES;
				GCC_C_LANGUAGE_STANDARD = gnu11;
				GCC_NO_COMMON_BLOCKS = YES;
				GCC_WARN_64_TO_32_BIT_CONVERSION = YES;
				GCC_WARN_ABOUT_RETURN_TYPE = YES_ERROR;
				GCC_WARN_UNDECLARED_SELECTOR = YES;
				GCC_WARN_UNINITIALIZED_AUTOS = YES_AGGRESSIVE;
				GCC_WARN_UNUSED_FUNCTION = YES;
				GCC_WARN_UNUSED_VARIABLE = YES;
				IPHONEOS_DEPLOYMENT_TARGET = 16.1;
				MTL_ENABLE_DEBUG_INFO = NO;
				MTL_FAST_MATH = YES;
				SDKROOT = iphoneos;
				SWIFT_COMPILATION_MODE = wholemodule;
				SWIFT_OPTIMIZATION_LEVEL = "-O";
				VALIDATE_PRODUCT = YES;
			};
			name = Release;
		};
		AB102C5F2915820100A25E89 /* Debug */ = {
			isa = XCBuildConfiguration;
			buildSettings = {
				ASSETCATALOG_COMPILER_APPICON_NAME = AppIcon;
				ASSETCATALOG_COMPILER_GLOBAL_ACCENT_COLOR_NAME = AccentColor;
				CODE_SIGN_STYLE = Automatic;
				CURRENT_PROJECT_VERSION = 1;
				DEVELOPMENT_ASSET_PATHS = "\"TVMaze/Preview Content\"";
				ENABLE_PREVIEWS = YES;
				GENERATE_INFOPLIST_FILE = YES;
				INFOPLIST_KEY_UIApplicationSceneManifest_Generation = YES;
				INFOPLIST_KEY_UIApplicationSupportsIndirectInputEvents = YES;
				INFOPLIST_KEY_UILaunchScreen_Generation = YES;
				INFOPLIST_KEY_UISupportedInterfaceOrientations_iPad = "UIInterfaceOrientationPortrait UIInterfaceOrientationPortraitUpsideDown UIInterfaceOrientationLandscapeLeft UIInterfaceOrientationLandscapeRight";
				INFOPLIST_KEY_UISupportedInterfaceOrientations_iPhone = "UIInterfaceOrientationPortrait UIInterfaceOrientationLandscapeLeft UIInterfaceOrientationLandscapeRight";
				LD_RUNPATH_SEARCH_PATHS = (
					"$(inherited)",
					"@executable_path/Frameworks",
				);
				MARKETING_VERSION = 1.0;
				PRODUCT_BUNDLE_IDENTIFIER = io.github.jonathanhds.TVMaze;
				PRODUCT_NAME = "$(TARGET_NAME)";
				SWIFT_EMIT_LOC_STRINGS = YES;
				SWIFT_VERSION = 5.0;
				TARGETED_DEVICE_FAMILY = "1,2";
			};
			name = Debug;
		};
		AB102C602915820100A25E89 /* Release */ = {
			isa = XCBuildConfiguration;
			buildSettings = {
				ASSETCATALOG_COMPILER_APPICON_NAME = AppIcon;
				ASSETCATALOG_COMPILER_GLOBAL_ACCENT_COLOR_NAME = AccentColor;
				CODE_SIGN_STYLE = Automatic;
				CURRENT_PROJECT_VERSION = 1;
				DEVELOPMENT_ASSET_PATHS = "\"TVMaze/Preview Content\"";
				ENABLE_PREVIEWS = YES;
				GENERATE_INFOPLIST_FILE = YES;
				INFOPLIST_KEY_UIApplicationSceneManifest_Generation = YES;
				INFOPLIST_KEY_UIApplicationSupportsIndirectInputEvents = YES;
				INFOPLIST_KEY_UILaunchScreen_Generation = YES;
				INFOPLIST_KEY_UISupportedInterfaceOrientations_iPad = "UIInterfaceOrientationPortrait UIInterfaceOrientationPortraitUpsideDown UIInterfaceOrientationLandscapeLeft UIInterfaceOrientationLandscapeRight";
				INFOPLIST_KEY_UISupportedInterfaceOrientations_iPhone = "UIInterfaceOrientationPortrait UIInterfaceOrientationLandscapeLeft UIInterfaceOrientationLandscapeRight";
				LD_RUNPATH_SEARCH_PATHS = (
					"$(inherited)",
					"@executable_path/Frameworks",
				);
				MARKETING_VERSION = 1.0;
				PRODUCT_BUNDLE_IDENTIFIER = io.github.jonathanhds.TVMaze;
				PRODUCT_NAME = "$(TARGET_NAME)";
				SWIFT_EMIT_LOC_STRINGS = YES;
				SWIFT_VERSION = 5.0;
				TARGETED_DEVICE_FAMILY = "1,2";
			};
			name = Release;
		};
		AB102C622915820100A25E89 /* Debug */ = {
			isa = XCBuildConfiguration;
			buildSettings = {
				ALWAYS_EMBED_SWIFT_STANDARD_LIBRARIES = YES;
				BUNDLE_LOADER = "$(TEST_HOST)";
				CODE_SIGN_STYLE = Automatic;
				CURRENT_PROJECT_VERSION = 1;
				GENERATE_INFOPLIST_FILE = YES;
				IPHONEOS_DEPLOYMENT_TARGET = 16.1;
				MARKETING_VERSION = 1.0;
				PRODUCT_BUNDLE_IDENTIFIER = io.github.jonathanhds.TVMazeTests;
				PRODUCT_NAME = "$(TARGET_NAME)";
				SWIFT_EMIT_LOC_STRINGS = NO;
				SWIFT_VERSION = 5.0;
				TARGETED_DEVICE_FAMILY = "1,2";
				TEST_HOST = "$(BUILT_PRODUCTS_DIR)/TVMaze.app/$(BUNDLE_EXECUTABLE_FOLDER_PATH)/TVMaze";
			};
			name = Debug;
		};
		AB102C632915820100A25E89 /* Release */ = {
			isa = XCBuildConfiguration;
			buildSettings = {
				ALWAYS_EMBED_SWIFT_STANDARD_LIBRARIES = YES;
				BUNDLE_LOADER = "$(TEST_HOST)";
				CODE_SIGN_STYLE = Automatic;
				CURRENT_PROJECT_VERSION = 1;
				GENERATE_INFOPLIST_FILE = YES;
				IPHONEOS_DEPLOYMENT_TARGET = 16.1;
				MARKETING_VERSION = 1.0;
				PRODUCT_BUNDLE_IDENTIFIER = io.github.jonathanhds.TVMazeTests;
				PRODUCT_NAME = "$(TARGET_NAME)";
				SWIFT_EMIT_LOC_STRINGS = NO;
				SWIFT_VERSION = 5.0;
				TARGETED_DEVICE_FAMILY = "1,2";
				TEST_HOST = "$(BUILT_PRODUCTS_DIR)/TVMaze.app/$(BUNDLE_EXECUTABLE_FOLDER_PATH)/TVMaze";
			};
			name = Release;
		};
		AB102C652915820100A25E89 /* Debug */ = {
			isa = XCBuildConfiguration;
			buildSettings = {
				ALWAYS_EMBED_SWIFT_STANDARD_LIBRARIES = YES;
				CODE_SIGN_STYLE = Automatic;
				CURRENT_PROJECT_VERSION = 1;
				GENERATE_INFOPLIST_FILE = YES;
				MARKETING_VERSION = 1.0;
				PRODUCT_BUNDLE_IDENTIFIER = io.github.jonathanhds.TVMazeUITests;
				PRODUCT_NAME = "$(TARGET_NAME)";
				SWIFT_EMIT_LOC_STRINGS = NO;
				SWIFT_VERSION = 5.0;
				TARGETED_DEVICE_FAMILY = "1,2";
				TEST_TARGET_NAME = TVMaze;
			};
			name = Debug;
		};
		AB102C662915820100A25E89 /* Release */ = {
			isa = XCBuildConfiguration;
			buildSettings = {
				ALWAYS_EMBED_SWIFT_STANDARD_LIBRARIES = YES;
				CODE_SIGN_STYLE = Automatic;
				CURRENT_PROJECT_VERSION = 1;
				GENERATE_INFOPLIST_FILE = YES;
				MARKETING_VERSION = 1.0;
				PRODUCT_BUNDLE_IDENTIFIER = io.github.jonathanhds.TVMazeUITests;
				PRODUCT_NAME = "$(TARGET_NAME)";
				SWIFT_EMIT_LOC_STRINGS = NO;
				SWIFT_VERSION = 5.0;
				TARGETED_DEVICE_FAMILY = "1,2";
				TEST_TARGET_NAME = TVMaze;
			};
			name = Release;
		};
/* End XCBuildConfiguration section */

/* Begin XCConfigurationList section */
		AB102C352915820000A25E89 /* Build configuration list for PBXProject "TVMaze" */ = {
			isa = XCConfigurationList;
			buildConfigurations = (
				AB102C5C2915820100A25E89 /* Debug */,
				AB102C5D2915820100A25E89 /* Release */,
			);
			defaultConfigurationIsVisible = 0;
			defaultConfigurationName = Release;
		};
		AB102C5E2915820100A25E89 /* Build configuration list for PBXNativeTarget "TVMaze" */ = {
			isa = XCConfigurationList;
			buildConfigurations = (
				AB102C5F2915820100A25E89 /* Debug */,
				AB102C602915820100A25E89 /* Release */,
			);
			defaultConfigurationIsVisible = 0;
			defaultConfigurationName = Release;
		};
		AB102C612915820100A25E89 /* Build configuration list for PBXNativeTarget "TVMazeTests" */ = {
			isa = XCConfigurationList;
			buildConfigurations = (
				AB102C622915820100A25E89 /* Debug */,
				AB102C632915820100A25E89 /* Release */,
			);
			defaultConfigurationIsVisible = 0;
			defaultConfigurationName = Release;
		};
		AB102C642915820100A25E89 /* Build configuration list for PBXNativeTarget "TVMazeUITests" */ = {
			isa = XCConfigurationList;
			buildConfigurations = (
				AB102C652915820100A25E89 /* Debug */,
				AB102C662915820100A25E89 /* Release */,
			);
			defaultConfigurationIsVisible = 0;
			defaultConfigurationName = Release;
		};
/* End XCConfigurationList section */
	};
	rootObject = AB102C322915820000A25E89 /* Project object */;
}
